// !$*UTF8*$!
{
	archiveVersion = 1;
	classes = {
	};
	objectVersion = 56;
	objects = {

/* Begin PBXBuildFile section */
		A1000001 /* CooldownApp.swift in Sources */ = {isa = PBXBuildFile; fileRef = A2000001 /* CooldownApp.swift */; };
		A1000002 /* ContentView.swift in Sources */ = {isa = PBXBuildFile; fileRef = A2000002 /* ContentView.swift */; };
		A1000003 /* Assets.xcassets in Resources */ = {isa = PBXBuildFile; fileRef = A2000003 /* Assets.xcassets */; };
		A1000010 /* CooldownShared.framework in Frameworks */ = {isa = PBXBuildFile; fileRef = A3000001 /* CooldownShared.framework */; };
		A1000011 /* CooldownShared.framework in Embed Frameworks */ = {isa = PBXBuildFile; fileRef = A3000001 /* CooldownShared.framework */; settings = {ATTRIBUTES = (CodeSignOnCopy, RemoveHeadersOnCopy, ); }; };
		A1000020 /* CooldownMonitor.swift in Sources */ = {isa = PBXBuildFile; fileRef = A2000020 /* CooldownMonitor.swift */; };
		A1000021 /* CooldownShared.framework in Frameworks */ = {isa = PBXBuildFile; fileRef = A3000001 /* CooldownShared.framework */; };
		A1000030 /* ShieldConfigurationExtension.swift in Sources */ = {isa = PBXBuildFile; fileRef = A2000030 /* ShieldConfigurationExtension.swift */; };
		A1000031 /* CooldownShared.framework in Frameworks */ = {isa = PBXBuildFile; fileRef = A3000001 /* CooldownShared.framework */; };
		A1000040 /* UserSettings.swift in Sources */ = {isa = PBXBuildFile; fileRef = A2000040 /* UserSettings.swift */; };
		A1000041 /* RuntimeState.swift in Sources */ = {isa = PBXBuildFile; fileRef = A2000041 /* RuntimeState.swift */; };
		A1000042 /* CooldownState.swift in Sources */ = {isa = PBXBuildFile; fileRef = A2000042 /* CooldownState.swift */; };
		A1000043 /* EventLog.swift in Sources */ = {isa = PBXBuildFile; fileRef = A2000043 /* EventLog.swift */; };
		A1000044 /* PersistenceManager.swift in Sources */ = {isa = PBXBuildFile; fileRef = A2000044 /* PersistenceManager.swift */; };
		A1000045 /* ShieldManager.swift in Sources */ = {isa = PBXBuildFile; fileRef = A2000045 /* ShieldManager.swift */; };
		A1000046 /* StateManager.swift in Sources */ = {isa = PBXBuildFile; fileRef = A2000046 /* StateManager.swift */; };
		A1000047 /* CooldownShared.h in Headers */ = {isa = PBXBuildFile; fileRef = A2000047 /* CooldownShared.h */; settings = {ATTRIBUTES = (Public, ); }; };
/* End PBXBuildFile section */

/* Begin PBXContainerItemProxy section */
		A4000001 /* PBXContainerItemProxy */ = {
			isa = PBXContainerItemProxy;
			containerPortal = A5000001 /* Project object */;
			proxyType = 1;
			remoteGlobalIDString = A6000002;
			remoteInfo = CooldownMonitor;
		};
		A4000002 /* PBXContainerItemProxy */ = {
			isa = PBXContainerItemProxy;
			containerPortal = A5000001 /* Project object */;
			proxyType = 1;
			remoteGlobalIDString = A6000003;
			remoteInfo = CooldownShield;
		};
		A4000003 /* PBXContainerItemProxy */ = {
			isa = PBXContainerItemProxy;
			containerPortal = A5000001 /* Project object */;
			proxyType = 1;
			remoteGlobalIDString = A6000004;
			remoteInfo = CooldownShared;
		};
/* End PBXContainerItemProxy section */

/* Begin PBXCopyFilesBuildPhase section */
		A7000001 /* Embed Foundation Extensions */ = {
			isa = PBXCopyFilesBuildPhase;
			buildActionMask = 2147483647;
			dstPath = "";
			dstSubfolderSpec = 13;
			files = (
			);
			name = "Embed Foundation Extensions";
			runOnlyForDeploymentPostprocessing = 0;
		};
		A7000002 /* Embed Frameworks */ = {
			isa = PBXCopyFilesBuildPhase;
			buildActionMask = 2147483647;
			dstPath = "";
			dstSubfolderSpec = 10;
			files = (
				A1000011 /* CooldownShared.framework in Embed Frameworks */,
			);
			name = "Embed Frameworks";
			runOnlyForDeploymentPostprocessing = 0;
		};
/* End PBXCopyFilesBuildPhase section */

/* Begin PBXFileReference section */
		70B0AC5D2F340510007F6C98 /* CooldownDebug.entitlements */ = {isa = PBXFileReference; lastKnownFileType = text.plist.entitlements; path = CooldownDebug.entitlements; sourceTree = "<group>"; };
		A2000001 /* CooldownApp.swift */ = {isa = PBXFileReference; lastKnownFileType = sourcecode.swift; path = CooldownApp.swift; sourceTree = "<group>"; };
		A2000002 /* ContentView.swift */ = {isa = PBXFileReference; lastKnownFileType = sourcecode.swift; path = ContentView.swift; sourceTree = "<group>"; };
		A2000003 /* Assets.xcassets */ = {isa = PBXFileReference; lastKnownFileType = folder.assetcatalog; path = Assets.xcassets; sourceTree = "<group>"; };
		A2000004 /* Cooldown.entitlements */ = {isa = PBXFileReference; lastKnownFileType = text.plist.entitlements; path = Cooldown.entitlements; sourceTree = "<group>"; };
		A2000005 /* Info.plist */ = {isa = PBXFileReference; lastKnownFileType = text.plist.xml; path = Info.plist; sourceTree = "<group>"; };
		A2000020 /* CooldownMonitor.swift */ = {isa = PBXFileReference; lastKnownFileType = sourcecode.swift; path = CooldownMonitor.swift; sourceTree = "<group>"; };
		A2000021 /* Info.plist */ = {isa = PBXFileReference; lastKnownFileType = text.plist.xml; path = Info.plist; sourceTree = "<group>"; };
		A2000022 /* CooldownMonitor.entitlements */ = {isa = PBXFileReference; lastKnownFileType = text.plist.entitlements; path = CooldownMonitor.entitlements; sourceTree = "<group>"; };
		A2000030 /* ShieldConfigurationExtension.swift */ = {isa = PBXFileReference; lastKnownFileType = sourcecode.swift; path = ShieldConfigurationExtension.swift; sourceTree = "<group>"; };
		A2000031 /* Info.plist */ = {isa = PBXFileReference; lastKnownFileType = text.plist.xml; path = Info.plist; sourceTree = "<group>"; };
		A2000032 /* CooldownShield.entitlements */ = {isa = PBXFileReference; lastKnownFileType = text.plist.entitlements; path = CooldownShield.entitlements; sourceTree = "<group>"; };
		A2000040 /* UserSettings.swift */ = {isa = PBXFileReference; lastKnownFileType = sourcecode.swift; path = UserSettings.swift; sourceTree = "<group>"; };
		A2000041 /* RuntimeState.swift */ = {isa = PBXFileReference; lastKnownFileType = sourcecode.swift; path = RuntimeState.swift; sourceTree = "<group>"; };
		A2000042 /* CooldownState.swift */ = {isa = PBXFileReference; lastKnownFileType = sourcecode.swift; path = CooldownState.swift; sourceTree = "<group>"; };
		A2000043 /* EventLog.swift */ = {isa = PBXFileReference; lastKnownFileType = sourcecode.swift; path = EventLog.swift; sourceTree = "<group>"; };
		A2000044 /* PersistenceManager.swift */ = {isa = PBXFileReference; lastKnownFileType = sourcecode.swift; path = PersistenceManager.swift; sourceTree = "<group>"; };
		A2000045 /* ShieldManager.swift */ = {isa = PBXFileReference; lastKnownFileType = sourcecode.swift; path = ShieldManager.swift; sourceTree = "<group>"; };
		A2000046 /* StateManager.swift */ = {isa = PBXFileReference; lastKnownFileType = sourcecode.swift; path = StateManager.swift; sourceTree = "<group>"; };
		A2000047 /* CooldownShared.h */ = {isa = PBXFileReference; lastKnownFileType = sourcecode.c.h; path = CooldownShared.h; sourceTree = "<group>"; };
		A3000000 /* Cooldown.app */ = {isa = PBXFileReference; explicitFileType = wrapper.application; includeInIndex = 0; path = Cooldown.app; sourceTree = BUILT_PRODUCTS_DIR; };
		A3000001 /* CooldownShared.framework */ = {isa = PBXFileReference; explicitFileType = wrapper.framework; includeInIndex = 0; path = CooldownShared.framework; sourceTree = BUILT_PRODUCTS_DIR; };
		A3000002 /* CooldownMonitor.appex */ = {isa = PBXFileReference; explicitFileType = "wrapper.app-extension"; includeInIndex = 0; path = CooldownMonitor.appex; sourceTree = BUILT_PRODUCTS_DIR; };
		A3000003 /* CooldownShield.appex */ = {isa = PBXFileReference; explicitFileType = "wrapper.app-extension"; includeInIndex = 0; path = CooldownShield.appex; sourceTree = BUILT_PRODUCTS_DIR; };
/* End PBXFileReference section */

/* Begin PBXFrameworksBuildPhase section */
		A8000001 /* Frameworks */ = {
			isa = PBXFrameworksBuildPhase;
			buildActionMask = 2147483647;
			files = (
				A1000010 /* CooldownShared.framework in Frameworks */,
			);
			runOnlyForDeploymentPostprocessing = 0;
		};
		A8000002 /* Frameworks */ = {
			isa = PBXFrameworksBuildPhase;
			buildActionMask = 2147483647;
			files = (
				A1000021 /* CooldownShared.framework in Frameworks */,
			);
			runOnlyForDeploymentPostprocessing = 0;
		};
		A8000003 /* Frameworks */ = {
			isa = PBXFrameworksBuildPhase;
			buildActionMask = 2147483647;
			files = (
				A1000031 /* CooldownShared.framework in Frameworks */,
			);
			runOnlyForDeploymentPostprocessing = 0;
		};
		A8000004 /* Frameworks */ = {
			isa = PBXFrameworksBuildPhase;
			buildActionMask = 2147483647;
			files = (
			);
			runOnlyForDeploymentPostprocessing = 0;
		};
/* End PBXFrameworksBuildPhase section */

/* Begin PBXGroup section */
		A9000000 = {
			isa = PBXGroup;
			children = (
				A9000001 /* Cooldown */,
				A9000010 /* CooldownMonitor */,
				A9000020 /* CooldownShield */,
				A9000030 /* CooldownShared */,
				A9000099 /* Products */,
			);
			sourceTree = "<group>";
		};
		A9000001 /* Cooldown */ = {
			isa = PBXGroup;
			children = (
				70B0AC5D2F340510007F6C98 /* CooldownDebug.entitlements */,
				A9000002 /* App */,
				A9000003 /* Views */,
				A9000004 /* ViewModels */,
				A9000005 /* Resources */,
				A2000004 /* Cooldown.entitlements */,
				A2000005 /* Info.plist */,
			);
			path = Cooldown;
			sourceTree = "<group>";
		};
		A9000002 /* App */ = {
			isa = PBXGroup;
			children = (
				A2000001 /* CooldownApp.swift */,
				A2000002 /* ContentView.swift */,
			);
			path = App;
			sourceTree = "<group>";
		};
		A9000003 /* Views */ = {
			isa = PBXGroup;
			children = (
				A9000006 /* Onboarding */,
				A9000007 /* Dashboard */,
				A9000008 /* Settings */,
				A9000009 /* Components */,
			);
			path = Views;
			sourceTree = "<group>";
		};
		A9000004 /* ViewModels */ = {
			isa = PBXGroup;
			children = (
			);
			path = ViewModels;
			sourceTree = "<group>";
		};
		A9000005 /* Resources */ = {
			isa = PBXGroup;
			children = (
				A2000003 /* Assets.xcassets */,
			);
			path = Resources;
			sourceTree = "<group>";
		};
		A9000006 /* Onboarding */ = {
			isa = PBXGroup;
			children = (
			);
			path = Onboarding;
			sourceTree = "<group>";
		};
		A9000007 /* Dashboard */ = {
			isa = PBXGroup;
			children = (
			);
			path = Dashboard;
			sourceTree = "<group>";
		};
		A9000008 /* Settings */ = {
			isa = PBXGroup;
			children = (
			);
			path = Settings;
			sourceTree = "<group>";
		};
		A9000009 /* Components */ = {
			isa = PBXGroup;
			children = (
			);
			path = Components;
			sourceTree = "<group>";
		};
		A9000010 /* CooldownMonitor */ = {
			isa = PBXGroup;
			children = (
				A2000020 /* CooldownMonitor.swift */,
				A2000021 /* Info.plist */,
				A2000022 /* CooldownMonitor.entitlements */,
			);
			path = CooldownMonitor;
			sourceTree = "<group>";
		};
		A9000020 /* CooldownShield */ = {
			isa = PBXGroup;
			children = (
				A2000030 /* ShieldConfigurationExtension.swift */,
				A2000031 /* Info.plist */,
				A2000032 /* CooldownShield.entitlements */,
			);
			path = CooldownShield;
			sourceTree = "<group>";
		};
		A9000030 /* CooldownShared */ = {
			isa = PBXGroup;
			children = (
				A2000047 /* CooldownShared.h */,
				A9000031 /* Models */,
				A9000032 /* Managers */,
			);
			path = CooldownShared;
			sourceTree = "<group>";
		};
		A9000031 /* Models */ = {
			isa = PBXGroup;
			children = (
				A2000040 /* UserSettings.swift */,
				A2000041 /* RuntimeState.swift */,
				A2000042 /* CooldownState.swift */,
				A2000043 /* EventLog.swift */,
			);
			path = Models;
			sourceTree = "<group>";
		};
		A9000032 /* Managers */ = {
			isa = PBXGroup;
			children = (
				A2000044 /* PersistenceManager.swift */,
				A2000045 /* ShieldManager.swift */,
				A2000046 /* StateManager.swift */,
			);
			path = Managers;
			sourceTree = "<group>";
		};
		A9000099 /* Products */ = {
			isa = PBXGroup;
			children = (
				A3000000 /* Cooldown.app */,
				A3000001 /* CooldownShared.framework */,
				A3000002 /* CooldownMonitor.appex */,
				A3000003 /* CooldownShield.appex */,
			);
			name = Products;
			sourceTree = "<group>";
		};
/* End PBXGroup section */

/* Begin PBXHeadersBuildPhase section */
		A7000010 /* Headers */ = {
			isa = PBXHeadersBuildPhase;
			buildActionMask = 2147483647;
			files = (
				A1000047 /* CooldownShared.h in Headers */,
			);
			runOnlyForDeploymentPostprocessing = 0;
		};
/* End PBXHeadersBuildPhase section */

/* Begin PBXNativeTarget section */
		A6000001 /* Cooldown */ = {
			isa = PBXNativeTarget;
			buildConfigurationList = AB000001 /* Build configuration list for PBXNativeTarget "Cooldown" */;
			buildPhases = (
				AA000001 /* Sources */,
				A8000001 /* Frameworks */,
				AC000001 /* Resources */,
				A7000001 /* Embed Foundation Extensions */,
				A7000002 /* Embed Frameworks */,
			);
			buildRules = (
			);
			dependencies = (
				AD000001 /* PBXTargetDependency */,
				AD000002 /* PBXTargetDependency */,
				AD000003 /* PBXTargetDependency */,
			);
			name = Cooldown;
			productName = Cooldown;
			productReference = A3000000 /* Cooldown.app */;
			productType = "com.apple.product-type.application";
		};
		A6000002 /* CooldownMonitor */ = {
			isa = PBXNativeTarget;
			buildConfigurationList = AB000002 /* Build configuration list for PBXNativeTarget "CooldownMonitor" */;
			buildPhases = (
				AA000002 /* Sources */,
				A8000002 /* Frameworks */,
			);
			buildRules = (
			);
			dependencies = (
				AD000004 /* PBXTargetDependency */,
			);
			name = CooldownMonitor;
			productName = CooldownMonitor;
			productReference = A3000002 /* CooldownMonitor.appex */;
			productType = "com.apple.product-type.app-extension";
		};
		A6000003 /* CooldownShield */ = {
			isa = PBXNativeTarget;
			buildConfigurationList = AB000003 /* Build configuration list for PBXNativeTarget "CooldownShield" */;
			buildPhases = (
				AA000003 /* Sources */,
				A8000003 /* Frameworks */,
			);
			buildRules = (
			);
			dependencies = (
				AD000005 /* PBXTargetDependency */,
			);
			name = CooldownShield;
			productName = CooldownShield;
			productReference = A3000003 /* CooldownShield.appex */;
			productType = "com.apple.product-type.app-extension";
		};
		A6000004 /* CooldownShared */ = {
			isa = PBXNativeTarget;
			buildConfigurationList = AB000004 /* Build configuration list for PBXNativeTarget "CooldownShared" */;
			buildPhases = (
				A7000010 /* Headers */,
				AA000004 /* Sources */,
				A8000004 /* Frameworks */,
			);
			buildRules = (
			);
			dependencies = (
			);
			name = CooldownShared;
			productName = CooldownShared;
			productReference = A3000001 /* CooldownShared.framework */;
			productType = "com.apple.product-type.framework";
		};
/* End PBXNativeTarget section */

/* Begin PBXProject section */
		A5000001 /* Project object */ = {
			isa = PBXProject;
			attributes = {
				BuildIndependentTargetsInParallel = 1;
				LastSwiftUpdateCheck = 1500;
				LastUpgradeCheck = 1500;
				TargetAttributes = {
					A6000001 = {
						CreatedOnToolsVersion = 15.0;
					};
					A6000002 = {
						CreatedOnToolsVersion = 15.0;
					};
					A6000003 = {
						CreatedOnToolsVersion = 15.0;
					};
					A6000004 = {
						CreatedOnToolsVersion = 15.0;
					};
				};
			};
			buildConfigurationList = AB000000 /* Build configuration list for PBXProject "Cooldown" */;
			compatibilityVersion = "Xcode 14.0";
			developmentRegion = en;
			hasScannedForEncodings = 0;
			knownRegions = (
				en,
				Base,
			);
			mainGroup = A9000000;
			productRefGroup = A9000099 /* Products */;
			projectDirPath = "";
			projectRoot = "";
			targets = (
				A6000001 /* Cooldown */,
				A6000002 /* CooldownMonitor */,
				A6000003 /* CooldownShield */,
				A6000004 /* CooldownShared */,
			);
		};
/* End PBXProject section */

/* Begin PBXResourcesBuildPhase section */
		AC000001 /* Resources */ = {
			isa = PBXResourcesBuildPhase;
			buildActionMask = 2147483647;
			files = (
				A1000003 /* Assets.xcassets in Resources */,
			);
			runOnlyForDeploymentPostprocessing = 0;
		};
/* End PBXResourcesBuildPhase section */

/* Begin PBXSourcesBuildPhase section */
		AA000001 /* Sources */ = {
			isa = PBXSourcesBuildPhase;
			buildActionMask = 2147483647;
			files = (
				A1000001 /* CooldownApp.swift in Sources */,
				A1000002 /* ContentView.swift in Sources */,
			);
			runOnlyForDeploymentPostprocessing = 0;
		};
		AA000002 /* Sources */ = {
			isa = PBXSourcesBuildPhase;
			buildActionMask = 2147483647;
			files = (
				A1000020 /* CooldownMonitor.swift in Sources */,
			);
			runOnlyForDeploymentPostprocessing = 0;
		};
		AA000003 /* Sources */ = {
			isa = PBXSourcesBuildPhase;
			buildActionMask = 2147483647;
			files = (
				A1000030 /* ShieldConfigurationExtension.swift in Sources */,
			);
			runOnlyForDeploymentPostprocessing = 0;
		};
		AA000004 /* Sources */ = {
			isa = PBXSourcesBuildPhase;
			buildActionMask = 2147483647;
			files = (
				A1000040 /* UserSettings.swift in Sources */,
				A1000041 /* RuntimeState.swift in Sources */,
				A1000042 /* CooldownState.swift in Sources */,
				A1000043 /* EventLog.swift in Sources */,
				A1000044 /* PersistenceManager.swift in Sources */,
				A1000045 /* ShieldManager.swift in Sources */,
				A1000046 /* StateManager.swift in Sources */,
			);
			runOnlyForDeploymentPostprocessing = 0;
		};
/* End PBXSourcesBuildPhase section */

/* Begin PBXTargetDependency section */
		AD000001 /* PBXTargetDependency */ = {
			isa = PBXTargetDependency;
			target = A6000002 /* CooldownMonitor */;
			targetProxy = A4000001 /* PBXContainerItemProxy */;
		};
		AD000002 /* PBXTargetDependency */ = {
			isa = PBXTargetDependency;
			target = A6000003 /* CooldownShield */;
			targetProxy = A4000002 /* PBXContainerItemProxy */;
		};
		AD000003 /* PBXTargetDependency */ = {
			isa = PBXTargetDependency;
			target = A6000004 /* CooldownShared */;
			targetProxy = A4000003 /* PBXContainerItemProxy */;
		};
		AD000004 /* PBXTargetDependency */ = {
			isa = PBXTargetDependency;
			target = A6000004 /* CooldownShared */;
			targetProxy = A4000003 /* PBXContainerItemProxy */;
		};
		AD000005 /* PBXTargetDependency */ = {
			isa = PBXTargetDependency;
			target = A6000004 /* CooldownShared */;
			targetProxy = A4000003 /* PBXContainerItemProxy */;
		};
/* End PBXTargetDependency section */

/* Begin XCBuildConfiguration section */
		AE000001 /* Debug */ = {
			isa = XCBuildConfiguration;
			buildSettings = {
				ALWAYS_SEARCH_USER_PATHS = NO;
				ASSETCATALOG_COMPILER_GENERATE_SWIFT_ASSET_SYMBOL_EXTENSIONS = YES;
				CLANG_ANALYZER_NONNULL = YES;
				CLANG_ANALYZER_NUMBER_OBJECT_CONVERSION = YES_AGGRESSIVE;
				CLANG_CXX_LANGUAGE_STANDARD = "gnu++20";
				CLANG_ENABLE_MODULES = YES;
				CLANG_ENABLE_OBJC_ARC = YES;
				CLANG_ENABLE_OBJC_WEAK = YES;
				CLANG_WARN_BLOCK_CAPTURE_AUTORELEASING = YES;
				CLANG_WARN_BOOL_CONVERSION = YES;
				CLANG_WARN_COMMA = YES;
				CLANG_WARN_CONSTANT_CONVERSION = YES;
				CLANG_WARN_DEPRECATED_OBJC_IMPLEMENTATIONS = YES;
				CLANG_WARN_DIRECT_OBJC_ISA_USAGE = YES_ERROR;
				CLANG_WARN_DOCUMENTATION_COMMENTS = YES;
				CLANG_WARN_EMPTY_BODY = YES;
				CLANG_WARN_ENUM_CONVERSION = YES;
				CLANG_WARN_INFINITE_RECURSION = YES;
				CLANG_WARN_INT_CONVERSION = YES;
				CLANG_WARN_NON_LITERAL_NULL_CONVERSION = YES;
				CLANG_WARN_OBJC_IMPLICIT_RETAIN_SELF = YES;
				CLANG_WARN_OBJC_LITERAL_CONVERSION = YES;
				CLANG_WARN_OBJC_ROOT_CLASS = YES_ERROR;
				CLANG_WARN_QUOTED_INCLUDE_IN_FRAMEWORK_HEADER = YES;
				CLANG_WARN_RANGE_LOOP_ANALYSIS = YES;
				CLANG_WARN_STRICT_PROTOTYPES = YES;
				CLANG_WARN_SUSPICIOUS_MOVE = YES;
				CLANG_WARN_UNGUARDED_AVAILABILITY = YES_AGGRESSIVE;
				CLANG_WARN_UNREACHABLE_CODE = YES;
				CLANG_WARN__DUPLICATE_METHOD_MATCH = YES;
				COPY_PHASE_STRIP = NO;
				DEBUG_INFORMATION_FORMAT = dwarf;
				ENABLE_STRICT_OBJC_MSGSEND = YES;
				ENABLE_TESTABILITY = YES;
				ENABLE_USER_SCRIPT_SANDBOXING = YES;
				GCC_C_LANGUAGE_STANDARD = gnu17;
				GCC_DYNAMIC_NO_PIC = NO;
				GCC_NO_COMMON_BLOCKS = YES;
				GCC_OPTIMIZATION_LEVEL = 0;
				GCC_PREPROCESSOR_DEFINITIONS = (
					"DEBUG=1",
					"$(inherited)",
				);
				GCC_WARN_64_TO_32_BIT_CONVERSION = YES;
				GCC_WARN_ABOUT_RETURN_TYPE = YES_ERROR;
				GCC_WARN_UNDECLARED_SELECTOR = YES;
				GCC_WARN_UNINITIALIZED_AUTOS = YES_AGGRESSIVE;
				GCC_WARN_UNUSED_FUNCTION = YES;
				GCC_WARN_UNUSED_VARIABLE = YES;
				IPHONEOS_DEPLOYMENT_TARGET = 17.0;
				LOCALIZATION_PREFERS_STRING_CATALOGS = YES;
				MTL_ENABLE_DEBUG_INFO = INCLUDE_SOURCE;
				MTL_FAST_MATH = YES;
				ONLY_ACTIVE_ARCH = YES;
				SDKROOT = iphoneos;
				SWIFT_ACTIVE_COMPILATION_CONDITIONS = "DEBUG $(inherited)";
				SWIFT_OPTIMIZATION_LEVEL = "-Onone";
			};
			name = Debug;
		};
		AE000002 /* Release */ = {
			isa = XCBuildConfiguration;
			buildSettings = {
				ALWAYS_SEARCH_USER_PATHS = NO;
				ASSETCATALOG_COMPILER_GENERATE_SWIFT_ASSET_SYMBOL_EXTENSIONS = YES;
				CLANG_ANALYZER_NONNULL = YES;
				CLANG_ANALYZER_NUMBER_OBJECT_CONVERSION = YES_AGGRESSIVE;
				CLANG_CXX_LANGUAGE_STANDARD = "gnu++20";
				CLANG_ENABLE_MODULES = YES;
				CLANG_ENABLE_OBJC_ARC = YES;
				CLANG_ENABLE_OBJC_WEAK = YES;
				CLANG_WARN_BLOCK_CAPTURE_AUTORELEASING = YES;
				CLANG_WARN_BOOL_CONVERSION = YES;
				CLANG_WARN_COMMA = YES;
				CLANG_WARN_CONSTANT_CONVERSION = YES;
				CLANG_WARN_DEPRECATED_OBJC_IMPLEMENTATIONS = YES;
				CLANG_WARN_DIRECT_OBJC_ISA_USAGE = YES_ERROR;
				CLANG_WARN_DOCUMENTATION_COMMENTS = YES;
				CLANG_WARN_EMPTY_BODY = YES;
				CLANG_WARN_ENUM_CONVERSION = YES;
				CLANG_WARN_INFINITE_RECURSION = YES;
				CLANG_WARN_INT_CONVERSION = YES;
				CLANG_WARN_NON_LITERAL_NULL_CONVERSION = YES;
				CLANG_WARN_OBJC_IMPLICIT_RETAIN_SELF = YES;
				CLANG_WARN_OBJC_LITERAL_CONVERSION = YES;
				CLANG_WARN_OBJC_ROOT_CLASS = YES_ERROR;
				CLANG_WARN_QUOTED_INCLUDE_IN_FRAMEWORK_HEADER = YES;
				CLANG_WARN_RANGE_LOOP_ANALYSIS = YES;
				CLANG_WARN_STRICT_PROTOTYPES = YES;
				CLANG_WARN_SUSPICIOUS_MOVE = YES;
				CLANG_WARN_UNGUARDED_AVAILABILITY = YES_AGGRESSIVE;
				CLANG_WARN_UNREACHABLE_CODE = YES;
				CLANG_WARN__DUPLICATE_METHOD_MATCH = YES;
				COPY_PHASE_STRIP = NO;
				DEBUG_INFORMATION_FORMAT = "dwarf-with-dsym";
				ENABLE_NS_ASSERTIONS = NO;
				ENABLE_STRICT_OBJC_MSGSEND = YES;
				ENABLE_USER_SCRIPT_SANDBOXING = YES;
				GCC_C_LANGUAGE_STANDARD = gnu17;
				GCC_NO_COMMON_BLOCKS = YES;
				GCC_WARN_64_TO_32_BIT_CONVERSION = YES;
				GCC_WARN_ABOUT_RETURN_TYPE = YES_ERROR;
				GCC_WARN_UNDECLARED_SELECTOR = YES;
				GCC_WARN_UNINITIALIZED_AUTOS = YES_AGGRESSIVE;
				GCC_WARN_UNUSED_FUNCTION = YES;
				GCC_WARN_UNUSED_VARIABLE = YES;
				IPHONEOS_DEPLOYMENT_TARGET = 17.0;
				LOCALIZATION_PREFERS_STRING_CATALOGS = YES;
				MTL_ENABLE_DEBUG_INFO = NO;
				MTL_FAST_MATH = YES;
				SDKROOT = iphoneos;
				SWIFT_COMPILATION_MODE = wholemodule;
				VALIDATE_PRODUCT = YES;
			};
			name = Release;
		};
		AE000003 /* Debug */ = {
			isa = XCBuildConfiguration;
			buildSettings = {
				ASSETCATALOG_COMPILER_APPICON_NAME = AppIcon;
				ASSETCATALOG_COMPILER_GLOBAL_ACCENT_COLOR_NAME = AccentColor;
				CODE_SIGN_ENTITLEMENTS = Cooldown/CooldownDebug.entitlements;
				CODE_SIGN_STYLE = Automatic;
				CURRENT_PROJECT_VERSION = 1;
				DEVELOPMENT_TEAM = X2P3J65FZ6;
				ENABLE_PREVIEWS = YES;
				GENERATE_INFOPLIST_FILE = YES;
				INFOPLIST_FILE = Cooldown/Info.plist;
				INFOPLIST_KEY_UIApplicationSceneManifest_Generation = YES;
				INFOPLIST_KEY_UIApplicationSupportsIndirectInputEvents = YES;
				INFOPLIST_KEY_UILaunchScreen_Generation = YES;
				INFOPLIST_KEY_UISupportedInterfaceOrientations_iPad = "UIInterfaceOrientationPortrait UIInterfaceOrientationPortraitUpsideDown UIInterfaceOrientationLandscapeLeft UIInterfaceOrientationLandscapeRight";
				INFOPLIST_KEY_UISupportedInterfaceOrientations_iPhone = "UIInterfaceOrientationPortrait UIInterfaceOrientationLandscapeLeft UIInterfaceOrientationLandscapeRight";
				LD_RUNPATH_SEARCH_PATHS = (
					"$(inherited)",
					"@executable_path/Frameworks",
				);
				MARKETING_VERSION = 1.0;
				PRODUCT_BUNDLE_IDENTIFIER = "com.almas.shortform-cooldown";
				PRODUCT_NAME = "$(TARGET_NAME)";
				SWIFT_EMIT_LOC_STRINGS = YES;
				SWIFT_VERSION = 5.0;
				TARGETED_DEVICE_FAMILY = "1,2";
			};
			name = Debug;
		};
		AE000004 /* Release */ = {
			isa = XCBuildConfiguration;
			buildSettings = {
				ASSETCATALOG_COMPILER_APPICON_NAME = AppIcon;
				ASSETCATALOG_COMPILER_GLOBAL_ACCENT_COLOR_NAME = AccentColor;
				CODE_SIGN_ENTITLEMENTS = Cooldown/Cooldown.entitlements;
				CODE_SIGN_STYLE = Automatic;
				CURRENT_PROJECT_VERSION = 1;
				DEVELOPMENT_TEAM = X2P3J65FZ6;
				ENABLE_PREVIEWS = YES;
				GENERATE_INFOPLIST_FILE = YES;
				INFOPLIST_FILE = Cooldown/Info.plist;
				INFOPLIST_KEY_UIApplicationSceneManifest_Generation = YES;
				INFOPLIST_KEY_UIApplicationSupportsIndirectInputEvents = YES;
				INFOPLIST_KEY_UILaunchScreen_Generation = YES;
				INFOPLIST_KEY_UISupportedInterfaceOrientations_iPad = "UIInterfaceOrientationPortrait UIInterfaceOrientationPortraitUpsideDown UIInterfaceOrientationLandscapeLeft UIInterfaceOrientationLandscapeRight";
				INFOPLIST_KEY_UISupportedInterfaceOrientations_iPhone = "UIInterfaceOrientationPortrait UIInterfaceOrientationLandscapeLeft UIInterfaceOrientationLandscapeRight";
				LD_RUNPATH_SEARCH_PATHS = (
					"$(inherited)",
					"@executable_path/Frameworks",
				);
				MARKETING_VERSION = 1.0;
				PRODUCT_BUNDLE_IDENTIFIER = "com.almas.shortform-cooldown";
				PRODUCT_NAME = "$(TARGET_NAME)";
				SWIFT_EMIT_LOC_STRINGS = YES;
				SWIFT_VERSION = 5.0;
				TARGETED_DEVICE_FAMILY = "1,2";
			};
			name = Release;
		};
		AE000005 /* Debug */ = {
			isa = XCBuildConfiguration;
			buildSettings = {
				CODE_SIGN_ENTITLEMENTS = CooldownMonitor/CooldownMonitor.entitlements;
				CODE_SIGN_STYLE = Automatic;
				CURRENT_PROJECT_VERSION = 1;
				DEVELOPMENT_TEAM = "";
				GENERATE_INFOPLIST_FILE = YES;
				INFOPLIST_FILE = CooldownMonitor/Info.plist;
				INFOPLIST_KEY_CFBundleDisplayName = CooldownMonitor;
				INFOPLIST_KEY_NSHumanReadableCopyright = "";
				LD_RUNPATH_SEARCH_PATHS = (
					"$(inherited)",
					"@executable_path/Frameworks",
					"@executable_path/../../Frameworks",
				);
				MARKETING_VERSION = 1.0;
				PRODUCT_BUNDLE_IDENTIFIER = "com.almas.shortform-cooldown.CooldownMonitor";
				PRODUCT_NAME = "$(TARGET_NAME)";
				SKIP_INSTALL = YES;
				SWIFT_EMIT_LOC_STRINGS = YES;
				SWIFT_VERSION = 5.0;
				TARGETED_DEVICE_FAMILY = "1,2";
			};
			name = Debug;
		};
		AE000006 /* Release */ = {
			isa = XCBuildConfiguration;
			buildSettings = {
				CODE_SIGN_ENTITLEMENTS = CooldownMonitor/CooldownMonitor.entitlements;
				CODE_SIGN_STYLE = Automatic;
				CURRENT_PROJECT_VERSION = 1;
				DEVELOPMENT_TEAM = "";
				GENERATE_INFOPLIST_FILE = YES;
				INFOPLIST_FILE = CooldownMonitor/Info.plist;
				INFOPLIST_KEY_CFBundleDisplayName = CooldownMonitor;
				INFOPLIST_KEY_NSHumanReadableCopyright = "";
				LD_RUNPATH_SEARCH_PATHS = (
					"$(inherited)",
					"@executable_path/Frameworks",
					"@executable_path/../../Frameworks",
				);
				MARKETING_VERSION = 1.0;
				PRODUCT_BUNDLE_IDENTIFIER = "com.almas.shortform-cooldown.CooldownMonitor";
				PRODUCT_NAME = "$(TARGET_NAME)";
				SKIP_INSTALL = YES;
				SWIFT_EMIT_LOC_STRINGS = YES;
				SWIFT_VERSION = 5.0;
				TARGETED_DEVICE_FAMILY = "1,2";
			};
			name = Release;
		};
		AE000007 /* Debug */ = {
			isa = XCBuildConfiguration;
			buildSettings = {
				CODE_SIGN_ENTITLEMENTS = CooldownShield/CooldownShield.entitlements;
				CODE_SIGN_STYLE = Automatic;
				CURRENT_PROJECT_VERSION = 1;
				DEVELOPMENT_TEAM = "";
				GENERATE_INFOPLIST_FILE = YES;
				INFOPLIST_FILE = CooldownShield/Info.plist;
				INFOPLIST_KEY_CFBundleDisplayName = CooldownShield;
				INFOPLIST_KEY_NSHumanReadableCopyright = "";
				LD_RUNPATH_SEARCH_PATHS = (
					"$(inherited)",
					"@executable_path/Frameworks",
					"@executable_path/../../Frameworks",
				);
				MARKETING_VERSION = 1.0;
				PRODUCT_BUNDLE_IDENTIFIER = "com.almas.shortform-cooldown.CooldownShield";
				PRODUCT_NAME = "$(TARGET_NAME)";
				SKIP_INSTALL = YES;
				SWIFT_EMIT_LOC_STRINGS = YES;
				SWIFT_VERSION = 5.0;
				TARGETED_DEVICE_FAMILY = "1,2";
			};
			name = Debug;
		};
		AE000008 /* Release */ = {
			isa = XCBuildConfiguration;
			buildSettings = {
				CODE_SIGN_ENTITLEMENTS = CooldownShield/CooldownShield.entitlements;
				CODE_SIGN_STYLE = Automatic;
				CURRENT_PROJECT_VERSION = 1;
				DEVELOPMENT_TEAM = "";
				GENERATE_INFOPLIST_FILE = YES;
				INFOPLIST_FILE = CooldownShield/Info.plist;
				INFOPLIST_KEY_CFBundleDisplayName = CooldownShield;
				INFOPLIST_KEY_NSHumanReadableCopyright = "";
				LD_RUNPATH_SEARCH_PATHS = (
					"$(inherited)",
					"@executable_path/Frameworks",
					"@executable_path/../../Frameworks",
				);
				MARKETING_VERSION = 1.0;
				PRODUCT_BUNDLE_IDENTIFIER = "com.almas.shortform-cooldown.CooldownShield";
				PRODUCT_NAME = "$(TARGET_NAME)";
				SKIP_INSTALL = YES;
				SWIFT_EMIT_LOC_STRINGS = YES;
				SWIFT_VERSION = 5.0;
				TARGETED_DEVICE_FAMILY = "1,2";
			};
			name = Release;
		};
		AE000009 /* Debug */ = {
			isa = XCBuildConfiguration;
			buildSettings = {
				CODE_SIGN_STYLE = Automatic;
				CURRENT_PROJECT_VERSION = 1;
				DEFINES_MODULE = YES;
				DEVELOPMENT_TEAM = "";
				DYLIB_COMPATIBILITY_VERSION = 1;
				DYLIB_CURRENT_VERSION = 1;
				DYLIB_INSTALL_NAME_BASE = "@rpath";
				ENABLE_MODULE_VERIFIER = YES;
				GENERATE_INFOPLIST_FILE = YES;
				INFOPLIST_KEY_NSHumanReadableCopyright = "";
				INSTALL_PATH = "$(LOCAL_LIBRARY_DIR)/Frameworks";
				LD_RUNPATH_SEARCH_PATHS = (
					"$(inherited)",
					"@executable_path/Frameworks",
					"@loader_path/Frameworks",
				);
				MARKETING_VERSION = 1.0;
				MODULE_VERIFIER_SUPPORTED_LANGUAGES = "objective-c objective-c++";
				MODULE_VERIFIER_SUPPORTED_LANGUAGE_STANDARDS = "gnu17 gnu++20";
				PRODUCT_BUNDLE_IDENTIFIER = "com.almas.shortform-cooldown.CooldownShared";
				PRODUCT_NAME = "$(TARGET_NAME:c99extidentifier)";
				SKIP_INSTALL = YES;
				SWIFT_EMIT_LOC_STRINGS = YES;
				SWIFT_VERSION = 5.0;
				TARGETED_DEVICE_FAMILY = "1,2";
			};
			name = Debug;
		};
		AE000010 /* Release */ = {
			isa = XCBuildConfiguration;
			buildSettings = {
				CODE_SIGN_STYLE = Automatic;
				CURRENT_PROJECT_VERSION = 1;
				DEFINES_MODULE = YES;
				DEVELOPMENT_TEAM = "";
				DYLIB_COMPATIBILITY_VERSION = 1;
				DYLIB_CURRENT_VERSION = 1;
				DYLIB_INSTALL_NAME_BASE = "@rpath";
				ENABLE_MODULE_VERIFIER = YES;
				GENERATE_INFOPLIST_FILE = YES;
				INFOPLIST_KEY_NSHumanReadableCopyright = "";
				INSTALL_PATH = "$(LOCAL_LIBRARY_DIR)/Frameworks";
				LD_RUNPATH_SEARCH_PATHS = (
					"$(inherited)",
					"@executable_path/Frameworks",
					"@loader_path/Frameworks",
				);
				MARKETING_VERSION = 1.0;
				MODULE_VERIFIER_SUPPORTED_LANGUAGES = "objective-c objective-c++";
				MODULE_VERIFIER_SUPPORTED_LANGUAGE_STANDARDS = "gnu17 gnu++20";
				PRODUCT_BUNDLE_IDENTIFIER = "com.almas.shortform-cooldown.CooldownShared";
				PRODUCT_NAME = "$(TARGET_NAME:c99extidentifier)";
				SKIP_INSTALL = YES;
				SWIFT_EMIT_LOC_STRINGS = YES;
				SWIFT_VERSION = 5.0;
				TARGETED_DEVICE_FAMILY = "1,2";
			};
			name = Release;
		};
/* End XCBuildConfiguration section */

/* Begin XCConfigurationList section */
		AB000000 /* Build configuration list for PBXProject "Cooldown" */ = {
			isa = XCConfigurationList;
			buildConfigurations = (
				AE000001 /* Debug */,
				AE000002 /* Release */,
			);
			defaultConfigurationIsVisible = 0;
			defaultConfigurationName = Release;
		};
		AB000001 /* Build configuration list for PBXNativeTarget "Cooldown" */ = {
			isa = XCConfigurationList;
			buildConfigurations = (
				AE000003 /* Debug */,
				AE000004 /* Release */,
			);
			defaultConfigurationIsVisible = 0;
			defaultConfigurationName = Release;
		};
		AB000002 /* Build configuration list for PBXNativeTarget "CooldownMonitor" */ = {
			isa = XCConfigurationList;
			buildConfigurations = (
				AE000005 /* Debug */,
				AE000006 /* Release */,
			);
			defaultConfigurationIsVisible = 0;
			defaultConfigurationName = Release;
		};
		AB000003 /* Build configuration list for PBXNativeTarget "CooldownShield" */ = {
			isa = XCConfigurationList;
			buildConfigurations = (
				AE000007 /* Debug */,
				AE000008 /* Release */,
			);
			defaultConfigurationIsVisible = 0;
			defaultConfigurationName = Release;
		};
		AB000004 /* Build configuration list for PBXNativeTarget "CooldownShared" */ = {
			isa = XCConfigurationList;
			buildConfigurations = (
				AE000009 /* Debug */,
				AE000010 /* Release */,
			);
			defaultConfigurationIsVisible = 0;
			defaultConfigurationName = Release;
		};
/* End XCConfigurationList section */
	};
	rootObject = A5000001 /* Project object */;
}
